// !$*UTF8*$!
{
	archiveVersion = 1;
	classes = {
	};
	objectVersion = 46;
	objects = {

/* Begin PBXBuildFile section */
		BC9811061C02EA6800048981 /* main.m in Sources */ = {isa = PBXBuildFile; fileRef = BC9811051C02EA6800048981 /* main.m */; };
		BC9811091C02EA6800048981 /* AppDelegate.m in Sources */ = {isa = PBXBuildFile; fileRef = BC9811081C02EA6800048981 /* AppDelegate.m */; };
		BC98110C1C02EA6800048981 /* ViewController.m in Sources */ = {isa = PBXBuildFile; fileRef = BC98110B1C02EA6800048981 /* ViewController.m */; };
		BC98110F1C02EA6800048981 /* Main.storyboard in Resources */ = {isa = PBXBuildFile; fileRef = BC98110D1C02EA6800048981 /* Main.storyboard */; };
		BC9811111C02EA6800048981 /* Images.xcassets in Resources */ = {isa = PBXBuildFile; fileRef = BC9811101C02EA6800048981 /* Images.xcassets */; };
		BC9811141C02EA6800048981 /* LaunchScreen.xib in Resources */ = {isa = PBXBuildFile; fileRef = BC9811121C02EA6800048981 /* LaunchScreen.xib */; };
		BC9811201C02EA6800048981 /* firstTests.m in Sources */ = {isa = PBXBuildFile; fileRef = BC98111F1C02EA6800048981 /* firstTests.m */; };
/* End PBXBuildFile section */

/* Begin PBXContainerItemProxy section */
		BC98111A1C02EA6800048981 /* PBXContainerItemProxy */ = {
			isa = PBXContainerItemProxy;
			containerPortal = BC9810F81C02EA6800048981 /* Project object */;
			proxyType = 1;
			remoteGlobalIDString = BC9810FF1C02EA6800048981;
			remoteInfo = first;
		};
/* End PBXContainerItemProxy section */

/* Begin PBXFileReference section */
		BC9811001C02EA6800048981 /* first.app */ = {isa = PBXFileReference; explicitFileType = wrapper.application; includeInIndex = 0; path = first.app; sourceTree = BUILT_PRODUCTS_DIR; };
		BC9811041C02EA6800048981 /* Info.plist */ = {isa = PBXFileReference; lastKnownFileType = text.plist.xml; path = Info.plist; sourceTree = "<group>"; };
		BC9811051C02EA6800048981 /* main.m */ = {isa = PBXFileReference; lastKnownFileType = sourcecode.c.objc; path = main.m; sourceTree = "<group>"; };
		BC9811071C02EA6800048981 /* AppDelegate.h */ = {isa = PBXFileReference; lastKnownFileType = sourcecode.c.h; path = AppDelegate.h; sourceTree = "<group>"; };
		BC9811081C02EA6800048981 /* AppDelegate.m */ = {isa = PBXFileReference; lastKnownFileType = sourcecode.c.objc; path = AppDelegate.m; sourceTree = "<group>"; };
		BC98110A1C02EA6800048981 /* ViewController.h */ = {isa = PBXFileReference; lastKnownFileType = sourcecode.c.h; path = ViewController.h; sourceTree = "<group>"; };
		BC98110B1C02EA6800048981 /* ViewController.m */ = {isa = PBXFileReference; lastKnownFileType = sourcecode.c.objc; path = ViewController.m; sourceTree = "<group>"; };
		BC98110E1C02EA6800048981 /* Base */ = {isa = PBXFileReference; lastKnownFileType = file.storyboard; name = Base; path = Base.lproj/Main.storyboard; sourceTree = "<group>"; };
		BC9811101C02EA6800048981 /* Images.xcassets */ = {isa = PBXFileReference; lastKnownFileType = folder.assetcatalog; path = Images.xcassets; sourceTree = "<group>"; };
		BC9811131C02EA6800048981 /* Base */ = {isa = PBXFileReference; lastKnownFileType = file.xib; name = Base; path = Base.lproj/LaunchScreen.xib; sourceTree = "<group>"; };
		BC9811191C02EA6800048981 /* firstTests.xctest */ = {isa = PBXFileReference; explicitFileType = wrapper.cfbundle; includeInIndex = 0; path = firstTests.xctest; sourceTree = BUILT_PRODUCTS_DIR; };
		BC98111E1C02EA6800048981 /* Info.plist */ = {isa = PBXFileReference; lastKnownFileType = text.plist.xml; path = Info.plist; sourceTree = "<group>"; };
		BC98111F1C02EA6800048981 /* firstTests.m */ = {isa = PBXFileReference; lastKnownFileType = sourcecode.c.objc; path = firstTests.m; sourceTree = "<group>"; };
/* End PBXFileReference section */

/* Begin PBXFrameworksBuildPhase section */
		BC9810FD1C02EA6800048981 /* Frameworks */ = {
			isa = PBXFrameworksBuildPhase;
			buildActionMask = 2147483647;
			files = (
			);
			runOnlyForDeploymentPostprocessing = 0;
		};
		BC9811161C02EA6800048981 /* Frameworks */ = {
			isa = PBXFrameworksBuildPhase;
			buildActionMask = 2147483647;
			files = (
			);
			runOnlyForDeploymentPostprocessing = 0;
		};
/* End PBXFrameworksBuildPhase section */

/* Begin PBXGroup section */
		BC9810F71C02EA6800048981 = {
			isa = PBXGroup;
			children = (
				BC9811021C02EA6800048981 /* first */,
				BC98111C1C02EA6800048981 /* firstTests */,
				BC9811011C02EA6800048981 /* Products */,
			);
			sourceTree = "<group>";
		};
		BC9811011C02EA6800048981 /* Products */ = {
			isa = PBXGroup;
			children = (
				BC9811001C02EA6800048981 /* first.app */,
				BC9811191C02EA6800048981 /* firstTests.xctest */,
			);
			name = Products;
			sourceTree = "<group>";
		};
		BC9811021C02EA6800048981 /* first */ = {
			isa = PBXGroup;
			children = (
				BC9811071C02EA6800048981 /* AppDelegate.h */,
				BC9811081C02EA6800048981 /* AppDelegate.m */,
				BC98110A1C02EA6800048981 /* ViewController.h */,
				BC98110B1C02EA6800048981 /* ViewController.m */,
				BC98110D1C02EA6800048981 /* Main.storyboard */,
				BC9811101C02EA6800048981 /* Images.xcassets */,
				BC9811121C02EA6800048981 /* LaunchScreen.xib */,
				BC9811031C02EA6800048981 /* Supporting Files */,
			);
			path = first;
			sourceTree = "<group>";
		};
		BC9811031C02EA6800048981 /* Supporting Files */ = {
			isa = PBXGroup;
			children = (
				BC9811041C02EA6800048981 /* Info.plist */,
				BC9811051C02EA6800048981 /* main.m */,
			);
			name = "Supporting Files";
			sourceTree = "<group>";
		};
		BC98111C1C02EA6800048981 /* firstTests */ = {
			isa = PBXGroup;
			children = (
				BC98111F1C02EA6800048981 /* firstTests.m */,
				BC98111D1C02EA6800048981 /* Supporting Files */,
			);
			path = firstTests;
			sourceTree = "<group>";
		};
		BC98111D1C02EA6800048981 /* Supporting Files */ = {
			isa = PBXGroup;
			children = (
				BC98111E1C02EA6800048981 /* Info.plist */,
			);
			name = "Supporting Files";
			sourceTree = "<group>";
		};
/* End PBXGroup section */

/* Begin PBXNativeTarget section */
		BC9810FF1C02EA6800048981 /* first */ = {
			isa = PBXNativeTarget;
			buildConfigurationList = BC9811231C02EA6800048981 /* Build configuration list for PBXNativeTarget "first" */;
			buildPhases = (
				BC9810FC1C02EA6800048981 /* Sources */,
				BC9810FD1C02EA6800048981 /* Frameworks */,
				BC9810FE1C02EA6800048981 /* Resources */,
			);
			buildRules = (
			);
			dependencies = (
			);
			name = first;
			productName = first;
			productReference = BC9811001C02EA6800048981 /* first.app */;
			productType = "com.apple.product-type.application";
		};
		BC9811181C02EA6800048981 /* firstTests */ = {
			isa = PBXNativeTarget;
			buildConfigurationList = BC9811261C02EA6800048981 /* Build configuration list for PBXNativeTarget "firstTests" */;
			buildPhases = (
				BC9811151C02EA6800048981 /* Sources */,
				BC9811161C02EA6800048981 /* Frameworks */,
				BC9811171C02EA6800048981 /* Resources */,
			);
			buildRules = (
			);
			dependencies = (
				BC98111B1C02EA6800048981 /* PBXTargetDependency */,
			);
			name = firstTests;
			productName = firstTests;
			productReference = BC9811191C02EA6800048981 /* firstTests.xctest */;
			productType = "com.apple.product-type.bundle.unit-test";
		};
/* End PBXNativeTarget section */

/* Begin PBXProject section */
		BC9810F81C02EA6800048981 /* Project object */ = {
			isa = PBXProject;
			attributes = {
				LastUpgradeCheck = 0630;
				ORGANIZATIONNAME = "刘秋霞";
				TargetAttributes = {
					BC9810FF1C02EA6800048981 = {
						CreatedOnToolsVersion = 6.3;
					};
					BC9811181C02EA6800048981 = {
						CreatedOnToolsVersion = 6.3;
						TestTargetID = BC9810FF1C02EA6800048981;
					};
				};
			};
			buildConfigurationList = BC9810FB1C02EA6800048981 /* Build configuration list for PBXProject "first" */;
			compatibilityVersion = "Xcode 3.2";
			developmentRegion = English;
			hasScannedForEncodings = 0;
			knownRegions = (
				en,
				Base,
			);
			mainGroup = BC9810F71C02EA6800048981;
			productRefGroup = BC9811011C02EA6800048981 /* Products */;
			projectDirPath = "";
			projectRoot = "";
			targets = (
				BC9810FF1C02EA6800048981 /* first */,
				BC9811181C02EA6800048981 /* firstTests */,
			);
		};
/* End PBXProject section */

/* Begin PBXResourcesBuildPhase section */
		BC9810FE1C02EA6800048981 /* Resources */ = {
			isa = PBXResourcesBuildPhase;
			buildActionMask = 2147483647;
			files = (
				BC98110F1C02EA6800048981 /* Main.storyboard in Resources */,
				BC9811141C02EA6800048981 /* LaunchScreen.xib in Resources */,
				BC9811111C02EA6800048981 /* Images.xcassets in Resources */,
			);
			runOnlyForDeploymentPostprocessing = 0;
		};
		BC9811171C02EA6800048981 /* Resources */ = {
			isa = PBXResourcesBuildPhase;
			buildActionMask = 2147483647;
			files = (
			);
			runOnlyForDeploymentPostprocessing = 0;
		};
/* End PBXResourcesBuildPhase section */

/* Begin PBXSourcesBuildPhase section */
		BC9810FC1C02EA6800048981 /* Sources */ = {
			isa = PBXSourcesBuildPhase;
			buildActionMask = 2147483647;
			files = (
				BC98110C1C02EA6800048981 /* ViewController.m in Sources */,
				BC9811091C02EA6800048981 /* AppDelegate.m in Sources */,
				BC9811061C02EA6800048981 /* main.m in Sources */,
			);
			runOnlyForDeploymentPostprocessing = 0;
		};
		BC9811151C02EA6800048981 /* Sources */ = {
			isa = PBXSourcesBuildPhase;
			buildActionMask = 2147483647;
			files = (
				BC9811201C02EA6800048981 /* firstTests.m in Sources */,
			);
			runOnlyForDeploymentPostprocessing = 0;
		};
/* End PBXSourcesBuildPhase section */

/* Begin PBXTargetDependency section */
		BC98111B1C02EA6800048981 /* PBXTargetDependency */ = {
			isa = PBXTargetDependency;
			target = BC9810FF1C02EA6800048981 /* first */;
			targetProxy = BC98111A1C02EA6800048981 /* PBXContainerItemProxy */;
		};
/* End PBXTargetDependency section */

/* Begin PBXVariantGroup section */
		BC98110D1C02EA6800048981 /* Main.storyboard */ = {
			isa = PBXVariantGroup;
			children = (
				BC98110E1C02EA6800048981 /* Base */,
			);
			name = Main.storyboard;
			sourceTree = "<group>";
		};
		BC9811121C02EA6800048981 /* LaunchScreen.xib */ = {
			isa = PBXVariantGroup;
			children = (
				BC9811131C02EA6800048981 /* Base */,
			);
			name = LaunchScreen.xib;
			sourceTree = "<group>";
		};
/* End PBXVariantGroup section */

/* Begin XCBuildConfiguration section */
		BC9811211C02EA6800048981 /* Debug */ = {
			isa = XCBuildConfiguration;
			buildSettings = {
				ALWAYS_SEARCH_USER_PATHS = NO;
				CLANG_CXX_LANGUAGE_STANDARD = "gnu++0x";
				CLANG_CXX_LIBRARY = "libc++";
				CLANG_ENABLE_MODULES = YES;
				CLANG_ENABLE_OBJC_ARC = YES;
				CLANG_WARN_BOOL_CONVERSION = YES;
				CLANG_WARN_CONSTANT_CONVERSION = YES;
				CLANG_WARN_DIRECT_OBJC_ISA_USAGE = YES_ERROR;
				CLANG_WARN_EMPTY_BODY = YES;
				CLANG_WARN_ENUM_CONVERSION = YES;
				CLANG_WARN_INT_CONVERSION = YES;
				CLANG_WARN_OBJC_ROOT_CLASS = YES_ERROR;
				CLANG_WARN_UNREACHABLE_CODE = YES;
				CLANG_WARN__DUPLICATE_METHOD_MATCH = YES;
				"CODE_SIGN_IDENTITY[sdk=iphoneos*]" = "iPhone Developer";
				COPY_PHASE_STRIP = NO;
				DEBUG_INFORMATION_FORMAT = "dwarf-with-dsym";
				ENABLE_STRICT_OBJC_MSGSEND = YES;
				GCC_C_LANGUAGE_STANDARD = gnu99;
				GCC_DYNAMIC_NO_PIC = NO;
				GCC_NO_COMMON_BLOCKS = YES;
				GCC_OPTIMIZATION_LEVEL = 0;
				GCC_PREPROCESSOR_DEFINITIONS = (
					"DEBUG=1",
					"$(inherited)",
				);
				GCC_SYMBOLS_PRIVATE_EXTERN = NO;
				GCC_WARN_64_TO_32_BIT_CONVERSION = YES;
				GCC_WARN_ABOUT_RETURN_TYPE = YES_ERROR;
				GCC_WARN_UNDECLARED_SELECTOR = YES;
				GCC_WARN_UNINITIALIZED_AUTOS = YES_AGGRESSIVE;
				GCC_WARN_UNUSED_FUNCTION = YES;
				GCC_WARN_UNUSED_VARIABLE = YES;
				IPHONEOS_DEPLOYMENT_TARGET = 8.3;
				MTL_ENABLE_DEBUG_INFO = YES;
				ONLY_ACTIVE_ARCH = YES;
				SDKROOT = iphoneos;
			};
			name = Debug;
		};
		BC9811221C02EA6800048981 /* Release */ = {
			isa = XCBuildConfiguration;
			buildSettings = {
				ALWAYS_SEARCH_USER_PATHS = NO;
				CLANG_CXX_LANGUAGE_STANDARD = "gnu++0x";
				CLANG_CXX_LIBRARY = "libc++";
				CLANG_ENABLE_MODULES = YES;
				CLANG_ENABLE_OBJC_ARC = YES;
				CLANG_WARN_BOOL_CONVERSION = YES;
				CLANG_WARN_CONSTANT_CONVERSION = YES;
				CLANG_WARN_DIRECT_OBJC_ISA_USAGE = YES_ERROR;
				CLANG_WARN_EMPTY_BODY = YES;
				CLANG_WARN_ENUM_CONVERSION = YES;
				CLANG_WARN_INT_CONVERSION = YES;
				CLANG_WARN_OBJC_ROOT_CLASS = YES_ERROR;
				CLANG_WARN_UNREACHABLE_CODE = YES;
				CLANG_WARN__DUPLICATE_METHOD_MATCH = YES;
				"CODE_SIGN_IDENTITY[sdk=iphoneos*]" = "iPhone Developer";
				COPY_PHASE_STRIP = NO;
				DEBUG_INFORMATION_FORMAT = "dwarf-with-dsym";
				ENABLE_NS_ASSERTIONS = NO;
				ENABLE_STRICT_OBJC_MSGSEND = YES;
				GCC_C_LANGUAGE_STANDARD = gnu99;
				GCC_NO_COMMON_BLOCKS = YES;
				GCC_WARN_64_TO_32_BIT_CONVERSION = YES;
				GCC_WARN_ABOUT_RETURN_TYPE = YES_ERROR;
				GCC_WARN_UNDECLARED_SELECTOR = YES;
				GCC_WARN_UNINITIALIZED_AUTOS = YES_AGGRESSIVE;
				GCC_WARN_UNUSED_FUNCTION = YES;
				GCC_WARN_UNUSED_VARIABLE = YES;
				IPHONEOS_DEPLOYMENT_TARGET = 8.3;
				MTL_ENABLE_DEBUG_INFO = NO;
				SDKROOT = iphoneos;
				VALIDATE_PRODUCT = YES;
			};
			name = Release;
		};
		BC9811241C02EA6800048981 /* Debug */ = {
			isa = XCBuildConfiguration;
			buildSettings = {
				ASSETCATALOG_COMPILER_APPICON_NAME = AppIcon;
				INFOPLIST_FILE = first/Info.plist;
				LD_RUNPATH_SEARCH_PATHS = "$(inherited) @executable_path/Frameworks";
				PRODUCT_NAME = "$(TARGET_NAME)";
			};
			name = Debug;
		};
		BC9811251C02EA6800048981 /* Release */ = {
			isa = XCBuildConfiguration;
			buildSettings = {
				ASSETCATALOG_COMPILER_APPICON_NAME = AppIcon;
				INFOPLIST_FILE = first/Info.plist;
				LD_RUNPATH_SEARCH_PATHS = "$(inherited) @executable_path/Frameworks";
				PRODUCT_NAME = "$(TARGET_NAME)";
			};
			name = Release;
		};
		BC9811271C02EA6800048981 /* Debug */ = {
			isa = XCBuildConfiguration;
			buildSettings = {
				BUNDLE_LOADER = "$(TEST_HOST)";
				FRAMEWORK_SEARCH_PATHS = (
					"$(SDKROOT)/Developer/Library/Frameworks",
					"$(inherited)",
				);
				GCC_PREPROCESSOR_DEFINITIONS = (
					"DEBUG=1",
					"$(inherited)",
				);
				INFOPLIST_FILE = firstTests/Info.plist;
				LD_RUNPATH_SEARCH_PATHS = "$(inherited) @executable_path/Frameworks @loader_path/Frameworks";
				PRODUCT_NAME = "$(TARGET_NAME)";
				TEST_HOST = "$(BUILT_PRODUCTS_DIR)/first.app/first";
			};
			name = Debug;
		};
		BC9811281C02EA6800048981 /* Release */ = {
			isa = XCBuildConfiguration;
			buildSettings = {
				BUNDLE_LOADER = "$(TEST_HOST)";
				FRAMEWORK_SEARCH_PATHS = (
					"$(SDKROOT)/Developer/Library/Frameworks",
					"$(inherited)",
				);
				INFOPLIST_FILE = firstTests/Info.plist;
				LD_RUNPATH_SEARCH_PATHS = "$(inherited) @executable_path/Frameworks @loader_path/Frameworks";
				PRODUCT_NAME = "$(TARGET_NAME)";
				TEST_HOST = "$(BUILT_PRODUCTS_DIR)/first.app/first";
			};
			name = Release;
		};
/* End XCBuildConfiguration section */

/* Begin XCConfigurationList section */
		BC9810FB1C02EA6800048981 /* Build configuration list for PBXProject "first" */ = {
			isa = XCConfigurationList;
			buildConfigurations = (
				BC9811211C02EA6800048981 /* Debug */,
				BC9811221C02EA6800048981 /* Release */,
			);
			defaultConfigurationIsVisible = 0;
			defaultConfigurationName = Release;
		};
		BC9811231C02EA6800048981 /* Build configuration list for PBXNativeTarget "first" */ = {
			isa = XCConfigurationList;
			buildConfigurations = (
				BC9811241C02EA6800048981 /* Debug */,
				BC9811251C02EA6800048981 /* Release */,
			);
			defaultConfigurationIsVisible = 0;
		};
		BC9811261C02EA6800048981 /* Build configuration list for PBXNativeTarget "firstTests" */ = {
			isa = XCConfigurationList;
			buildConfigurations = (
				BC9811271C02EA6800048981 /* Debug */,
				BC9811281C02EA6800048981 /* Release */,
			);
			defaultConfigurationIsVisible = 0;
		};
/* End XCConfigurationList section */
	};
	rootObject = BC9810F81C02EA6800048981 /* Project object */;
}
